
Microsoft Visual Studio Solution File, Format Version 12.00
# Visual Studio 2013
VisualStudioVersion = 12.0.40629.0
MinimumVisualStudioVersion = 10.0.40219.1
Project("{FAE04EC0-301F-11D3-BF4B-00C04F79EFBC}") = "AWSWebApp", "AWSWebApp\AWSWebApp.csproj", "{FC9FF09A-7E74-4F37-8339-3FF6ABD2851B}"
EndProject
Project("{FAE04EC0-301F-11D3-BF4B-00C04F79EFBC}") = "EmployeeServices", "EmployeeServices\EmployeeServices.csproj", "{97B03A80-A299-4788-8EBB-C834A271BC2B}"
EndProject
Project("{FAE04EC0-301F-11D3-BF4B-00C04F79EFBC}") = "OfficesServices", "OfficeServices\OfficesServices\OfficesServices.csproj", "{0B9EF98C-3EB6-4520-A90D-C9F8E170D25B}"
EndProject
Global
	GlobalSection(TeamFoundationVersionControl) = preSolution
		SccNumberOfProjects = 4
		SccEnterpriseProvider = {4CA58AB2-18FA-4F8D-95D4-32DDF27D184C}
		SccTeamFoundationServer = https://tfs.corp.mphasis.com/tfs/mphasiscollection
		SccLocalPath0 = .
		SccProjectUniqueName1 = AWSWebApp\\AWSWebApp.csproj
		SccProjectName1 = AWSWebApp
		SccLocalPath1 = AWSWebApp
		SccProjectUniqueName2 = EmployeeServices\\EmployeeServices.csproj
		SccProjectName2 = EmployeeServices
		SccLocalPath2 = EmployeeServices
		SccProjectUniqueName3 = OfficeServices\\OfficesServices\\OfficesServices.csproj
		SccProjectName3 = OfficeServices/OfficesServices
		SccLocalPath3 = OfficeServices\\OfficesServices
	EndGlobalSection
	GlobalSection(SolutionConfigurationPlatforms) = preSolution
		Debug|Any CPU = Debug|Any CPU
		Release|Any CPU = Release|Any CPU
	EndGlobalSection
	GlobalSection(ProjectConfigurationPlatforms) = postSolution
		{FC9FF09A-7E74-4F37-8339-3FF6ABD2851B}.Debug|Any CPU.ActiveCfg = Debug|Any CPU
		{FC9FF09A-7E74-4F37-8339-3FF6ABD2851B}.Debug|Any CPU.Build.0 = Debug|Any CPU
		{FC9FF09A-7E74-4F37-8339-3FF6ABD2851B}.Release|Any CPU.ActiveCfg = Release|Any CPU
		{FC9FF09A-7E74-4F37-8339-3FF6ABD2851B}.Release|Any CPU.Build.0 = Release|Any CPU
		{97B03A80-A299-4788-8EBB-C834A271BC2B}.Debug|Any CPU.ActiveCfg = Debug|Any CPU
		{97B03A80-A299-4788-8EBB-C834A271BC2B}.Debug|Any CPU.Build.0 = Debug|Any CPU
		{97B03A80-A299-4788-8EBB-C834A271BC2B}.Release|Any CPU.ActiveCfg = Release|Any CPU
		{97B03A80-A299-4788-8EBB-C834A271BC2B}.Release|Any CPU.Build.0 = Release|Any CPU
		{0B9EF98C-3EB6-4520-A90D-C9F8E170D25B}.Debug|Any CPU.ActiveCfg = Debug|Any CPU
		{0B9EF98C-3EB6-4520-A90D-C9F8E170D25B}.Debug|Any CPU.Build.0 = Debug|Any CPU
		{0B9EF98C-3EB6-4520-A90D-C9F8E170D25B}.Release|Any CPU.ActiveCfg = Release|Any CPU
		{0B9EF98C-3EB6-4520-A90D-C9F8E170D25B}.Release|Any CPU.Build.0 = Release|Any CPU
	EndGlobalSection
	GlobalSection(SolutionProperties) = preSolution
		HideSolutionNode = FALSE
	EndGlobalSection
EndGlobal
